
Microsoft Visual Studio Solution File, Format Version 12.00
# Visual Studio Version 17
VisualStudioVersion = 17.2.32616.157
MinimumVisualStudioVersion = 10.0.40219.1
Project("{9A19103F-16F7-4668-BE54-9A1E7A4F7556}") = "Business", "Business\Business.csproj", "{D2F1CF01-DD2A-4F40-B865-DBDB6B554759}"
EndProject
Project("{9A19103F-16F7-4668-BE54-9A1E7A4F7556}") = "DataAccess", "DataAccess\DataAccess.csproj", "{354934DE-1612-49FB-B854-1ABCBC59977C}"
EndProject
Project("{9A19103F-16F7-4668-BE54-9A1E7A4F7556}") = "Core", "Core\Core.csproj", "{CD9E347C-BF45-4648-B285-3C4CAC867257}"
EndProject
Project("{9A19103F-16F7-4668-BE54-9A1E7A4F7556}") = "Entity", "Entity\Entity.csproj", "{3EE54490-559D-448F-B7E0-64090C1124D5}"
EndProject
Project("{9A19103F-16F7-4668-BE54-9A1E7A4F7556}") = "ConsoleUI", "ConsoleUI\ConsoleUI.csproj", "{5B85331D-42A2-4BF9-8A20-F2280F6AE722}"
EndProject
Project("{FAE04EC0-301F-11D3-BF4B-00C04F79EFBC}") = "WebUI", "WebUI\WebUI.csproj", "{FFE8BCB6-A400-442B-98E0-2493FF659784}"
EndProject
Global
	GlobalSection(SolutionConfigurationPlatforms) = preSolution
		Debug|Any CPU = Debug|Any CPU
		Release|Any CPU = Release|Any CPU
	EndGlobalSection
	GlobalSection(ProjectConfigurationPlatforms) = postSolution
		{D2F1CF01-DD2A-4F40-B865-DBDB6B554759}.Debug|Any CPU.ActiveCfg = Debug|Any CPU
		{D2F1CF01-DD2A-4F40-B865-DBDB6B554759}.Debug|Any CPU.Build.0 = Debug|Any CPU
		{D2F1CF01-DD2A-4F40-B865-DBDB6B554759}.Release|Any CPU.ActiveCfg = Release|Any CPU
		{D2F1CF01-DD2A-4F40-B865-DBDB6B554759}.Release|Any CPU.Build.0 = Release|Any CPU
		{354934DE-1612-49FB-B854-1ABCBC59977C}.Debug|Any CPU.ActiveCfg = Debug|Any CPU
		{354934DE-1612-49FB-B854-1ABCBC59977C}.Debug|Any CPU.Build.0 = Debug|Any CPU
		{354934DE-1612-49FB-B854-1ABCBC59977C}.Release|Any CPU.ActiveCfg = Release|Any CPU
		{354934DE-1612-49FB-B854-1ABCBC59977C}.Release|Any CPU.Build.0 = Release|Any CPU
		{CD9E347C-BF45-4648-B285-3C4CAC867257}.Debug|Any CPU.ActiveCfg = Debug|Any CPU
		{CD9E347C-BF45-4648-B285-3C4CAC867257}.Debug|Any CPU.Build.0 = Debug|Any CPU
		{CD9E347C-BF45-4648-B285-3C4CAC867257}.Release|Any CPU.ActiveCfg = Release|Any CPU
		{CD9E347C-BF45-4648-B285-3C4CAC867257}.Release|Any CPU.Build.0 = Release|Any CPU
		{3EE54490-559D-448F-B7E0-64090C1124D5}.Debug|Any CPU.ActiveCfg = Debug|Any CPU
		{3EE54490-559D-448F-B7E0-64090C1124D5}.Debug|Any CPU.Build.0 = Debug|Any CPU
		{3EE54490-559D-448F-B7E0-64090C1124D5}.Release|Any CPU.ActiveCfg = Release|Any CPU
		{3EE54490-559D-448F-B7E0-64090C1124D5}.Release|Any CPU.Build.0 = Release|Any CPU
		{5B85331D-42A2-4BF9-8A20-F2280F6AE722}.Debug|Any CPU.ActiveCfg = Debug|Any CPU
		{5B85331D-42A2-4BF9-8A20-F2280F6AE722}.Debug|Any CPU.Build.0 = Debug|Any CPU
		{5B85331D-42A2-4BF9-8A20-F2280F6AE722}.Release|Any CPU.ActiveCfg = Release|Any CPU
		{5B85331D-42A2-4BF9-8A20-F2280F6AE722}.Release|Any CPU.Build.0 = Release|Any CPU
		{FFE8BCB6-A400-442B-98E0-2493FF659784}.Debug|Any CPU.ActiveCfg = Debug|Any CPU
		{FFE8BCB6-A400-442B-98E0-2493FF659784}.Debug|Any CPU.Build.0 = Debug|Any CPU
		{FFE8BCB6-A400-442B-98E0-2493FF659784}.Release|Any CPU.ActiveCfg = Release|Any CPU
		{FFE8BCB6-A400-442B-98E0-2493FF659784}.Release|Any CPU.Build.0 = Release|Any CPU
	EndGlobalSection
	GlobalSection(SolutionProperties) = preSolution
		HideSolutionNode = FALSE
	EndGlobalSection
	GlobalSection(ExtensibilityGlobals) = postSolution
		SolutionGuid = {76ECC8DD-F3CA-44B1-9989-18E4E194D533}
	EndGlobalSection
EndGlobal
